
Microsoft Visual Studio Solution File, Format Version 12.00
# Visual Studio 15
VisualStudioVersion = 15.0.28307.421
MinimumVisualStudioVersion = 10.0.40219.1
Project("{FAE04EC0-301F-11D3-BF4B-00C04F79EFBC}") = "NodeGraphLibrary", "Node\NodeGraphLibrary.csproj", "{EB391C46-1E45-4DA8-8D48-8322EE676949}"
EndProject
Project("{FAE04EC0-301F-11D3-BF4B-00C04F79EFBC}") = "UnitTesting", "UnitTesting\UnitTesting.csproj", "{DB5EACB3-D204-4641-AAEF-98CD70E6727A}"
EndProject
Global
	GlobalSection(SolutionConfigurationPlatforms) = preSolution
		Debug|Any CPU = Debug|Any CPU
		Release|Any CPU = Release|Any CPU
	EndGlobalSection
	GlobalSection(ProjectConfigurationPlatforms) = postSolution
		{EB391C46-1E45-4DA8-8D48-8322EE676949}.Debug|Any CPU.ActiveCfg = Debug|Any CPU
		{EB391C46-1E45-4DA8-8D48-8322EE676949}.Debug|Any CPU.Build.0 = Debug|Any CPU
		{EB391C46-1E45-4DA8-8D48-8322EE676949}.Release|Any CPU.ActiveCfg = Release|Any CPU
		{EB391C46-1E45-4DA8-8D48-8322EE676949}.Release|Any CPU.Build.0 = Release|Any CPU
		{DB5EACB3-D204-4641-AAEF-98CD70E6727A}.Debug|Any CPU.ActiveCfg = Debug|Any CPU
		{DB5EACB3-D204-4641-AAEF-98CD70E6727A}.Debug|Any CPU.Build.0 = Debug|Any CPU
		{DB5EACB3-D204-4641-AAEF-98CD70E6727A}.Release|Any CPU.ActiveCfg = Release|Any CPU
		{DB5EACB3-D204-4641-AAEF-98CD70E6727A}.Release|Any CPU.Build.0 = Release|Any CPU
	EndGlobalSection
	GlobalSection(SolutionProperties) = preSolution
		HideSolutionNode = FALSE
	EndGlobalSection
	GlobalSection(ExtensibilityGlobals) = postSolution
		SolutionGuid = {4DFE6A9B-EFF2-4584-9D16-487FBA5F4395}
	EndGlobalSection
EndGlobal
